{
  "name": "src",
  "lockfileVersion": 2,
  "requires": true,
  "packages": {
    "": {
      "dependencies": {
        "fifo-array": "^0.1.2"
      }
    },
    "node_modules/fifo-array": {
      "version": "0.1.2",
      "resolved": "https://registry.npmjs.org/fifo-array/-/fifo-array-0.1.2.tgz",
      "integrity": "sha512-gMi7TQVA3LESzY45AoHqwzSEfaZdv9TluyqEFWwL84e/NpV4mhCa7cbfo38JYirJM/OwFgBZd4bVSEKliZPmTA=="
    }
  },
  "dependencies": {
    "fifo-array": {
      "version": "0.1.2",
      "resolved": "https://registry.npmjs.org/fifo-array/-/fifo-array-0.1.2.tgz",
      "integrity": "sha512-gMi7TQVA3LESzY45AoHqwzSEfaZdv9TluyqEFWwL84e/NpV4mhCa7cbfo38JYirJM/OwFgBZd4bVSEKliZPmTA=="
    }
  }
}
